
Microsoft Visual Studio Solution File, Format Version 12.00
# Visual Studio Version 17
VisualStudioVersion = 17.1.32328.378
MinimumVisualStudioVersion = 10.0.40219.1
Project("{9A19103F-16F7-4668-BE54-9A1E7A4F7556}") = "task_00_squared_number", "task_00_squared_number\task_00_squared_number.csproj", "{F6CBB583-D561-4FF7-A44C-131520502999}"
EndProject
Project("{9A19103F-16F7-4668-BE54-9A1E7A4F7556}") = "task_01_check_square", "task_01_check_square\task_01_check_square.csproj", "{E883894D-3A06-47C2-BFE4-91D7B462E41D}"
EndProject
Project("{9A19103F-16F7-4668-BE54-9A1E7A4F7556}") = "task_02_bigger_smaller_numbers", "task_02_bigger_smaller_numbers\task_02_bigger_smaller_numbers.csproj", "{C4ABB3B8-F678-4528-94A4-483B70265F42}"
EndProject
Project("{9A19103F-16F7-4668-BE54-9A1E7A4F7556}") = "task_03_show_weekday", "task_03_show_weekday\task_03_show_weekday.csproj", "{7058B29B-3F4E-4415-A9E4-013B46FDC2CC}"
EndProject
Project("{9A19103F-16F7-4668-BE54-9A1E7A4F7556}") = "task_04_maximum_number", "task_04_maximum_number\task_04_maximum_number.csproj", "{D0234B47-61DA-40AC-B7D5-F9322D8F5A76}"
EndProject
Project("{FAE04EC0-301F-11D3-BF4B-00C04F79EFBC}") = "task_05_function_calculation", "task_05_function_calculation\task_05_function_calculation.csproj", "{57910937-704D-4B0C-BDF2-68AC7FFFD6E2}"
EndProject
Project("{FAE04EC0-301F-11D3-BF4B-00C04F79EFBC}") = "task_06_even_or_odd", "task_06_even_or_odd\task_06_even_or_odd.csproj", "{D4FA5242-799D-4673-B8A9-897C1B2B34BC}"
EndProject
Project("{FAE04EC0-301F-11D3-BF4B-00C04F79EFBC}") = "task_07_numbers_-N_to_N", "task_07_numbers_-N_to_N\task_07_numbers_-N_to_N.csproj", "{A9365779-8F25-42C7-AF60-2A3F43CD84C4}"
EndProject
Project("{FAE04EC0-301F-11D3-BF4B-00C04F79EFBC}") = "task_08_even_numbers_1_to_N", "task_08_even_numbers_1_to_N\task_08_even_numbers_1_to_N.csproj", "{DC1C4851-F847-4365-B280-219EA87D745C}"
EndProject
Project("{FAE04EC0-301F-11D3-BF4B-00C04F79EFBC}") = "task_09_third_digit", "task_09_third_digit\task_09_third_digit.csproj", "{B17DFF43-F9EF-472A-BBEA-20CB7CB3DC68}"
EndProject
Project("{FAE04EC0-301F-11D3-BF4B-00C04F79EFBC}") = "task_10_second_digit", "task_10_second_digit\task_10_second_digit.csproj", "{DD71D263-5B8D-49E6-AE2A-3E1CF809DC7D}"
EndProject
Global
	GlobalSection(SolutionConfigurationPlatforms) = preSolution
		Debug|Any CPU = Debug|Any CPU
		Release|Any CPU = Release|Any CPU
	EndGlobalSection
	GlobalSection(ProjectConfigurationPlatforms) = postSolution
		{F6CBB583-D561-4FF7-A44C-131520502999}.Debug|Any CPU.ActiveCfg = Debug|Any CPU
		{F6CBB583-D561-4FF7-A44C-131520502999}.Debug|Any CPU.Build.0 = Debug|Any CPU
		{F6CBB583-D561-4FF7-A44C-131520502999}.Release|Any CPU.ActiveCfg = Release|Any CPU
		{F6CBB583-D561-4FF7-A44C-131520502999}.Release|Any CPU.Build.0 = Release|Any CPU
		{E883894D-3A06-47C2-BFE4-91D7B462E41D}.Debug|Any CPU.ActiveCfg = Debug|Any CPU
		{E883894D-3A06-47C2-BFE4-91D7B462E41D}.Debug|Any CPU.Build.0 = Debug|Any CPU
		{E883894D-3A06-47C2-BFE4-91D7B462E41D}.Release|Any CPU.ActiveCfg = Release|Any CPU
		{E883894D-3A06-47C2-BFE4-91D7B462E41D}.Release|Any CPU.Build.0 = Release|Any CPU
		{C4ABB3B8-F678-4528-94A4-483B70265F42}.Debug|Any CPU.ActiveCfg = Debug|Any CPU
		{C4ABB3B8-F678-4528-94A4-483B70265F42}.Debug|Any CPU.Build.0 = Debug|Any CPU
		{C4ABB3B8-F678-4528-94A4-483B70265F42}.Release|Any CPU.ActiveCfg = Release|Any CPU
		{C4ABB3B8-F678-4528-94A4-483B70265F42}.Release|Any CPU.Build.0 = Release|Any CPU
		{7058B29B-3F4E-4415-A9E4-013B46FDC2CC}.Debug|Any CPU.ActiveCfg = Debug|Any CPU
		{7058B29B-3F4E-4415-A9E4-013B46FDC2CC}.Debug|Any CPU.Build.0 = Debug|Any CPU
		{7058B29B-3F4E-4415-A9E4-013B46FDC2CC}.Release|Any CPU.ActiveCfg = Release|Any CPU
		{7058B29B-3F4E-4415-A9E4-013B46FDC2CC}.Release|Any CPU.Build.0 = Release|Any CPU
		{D0234B47-61DA-40AC-B7D5-F9322D8F5A76}.Debug|Any CPU.ActiveCfg = Debug|Any CPU
		{D0234B47-61DA-40AC-B7D5-F9322D8F5A76}.Debug|Any CPU.Build.0 = Debug|Any CPU
		{D0234B47-61DA-40AC-B7D5-F9322D8F5A76}.Release|Any CPU.ActiveCfg = Release|Any CPU
		{D0234B47-61DA-40AC-B7D5-F9322D8F5A76}.Release|Any CPU.Build.0 = Release|Any CPU
		{57910937-704D-4B0C-BDF2-68AC7FFFD6E2}.Debug|Any CPU.ActiveCfg = Debug|Any CPU
		{57910937-704D-4B0C-BDF2-68AC7FFFD6E2}.Debug|Any CPU.Build.0 = Debug|Any CPU
		{57910937-704D-4B0C-BDF2-68AC7FFFD6E2}.Release|Any CPU.ActiveCfg = Release|Any CPU
		{57910937-704D-4B0C-BDF2-68AC7FFFD6E2}.Release|Any CPU.Build.0 = Release|Any CPU
		{D4FA5242-799D-4673-B8A9-897C1B2B34BC}.Debug|Any CPU.ActiveCfg = Debug|Any CPU
		{D4FA5242-799D-4673-B8A9-897C1B2B34BC}.Debug|Any CPU.Build.0 = Debug|Any CPU
		{D4FA5242-799D-4673-B8A9-897C1B2B34BC}.Release|Any CPU.ActiveCfg = Release|Any CPU
		{D4FA5242-799D-4673-B8A9-897C1B2B34BC}.Release|Any CPU.Build.0 = Release|Any CPU
		{A9365779-8F25-42C7-AF60-2A3F43CD84C4}.Debug|Any CPU.ActiveCfg = Debug|Any CPU
		{A9365779-8F25-42C7-AF60-2A3F43CD84C4}.Debug|Any CPU.Build.0 = Debug|Any CPU
		{A9365779-8F25-42C7-AF60-2A3F43CD84C4}.Release|Any CPU.ActiveCfg = Release|Any CPU
		{A9365779-8F25-42C7-AF60-2A3F43CD84C4}.Release|Any CPU.Build.0 = Release|Any CPU
		{DC1C4851-F847-4365-B280-219EA87D745C}.Debug|Any CPU.ActiveCfg = Debug|Any CPU
		{DC1C4851-F847-4365-B280-219EA87D745C}.Debug|Any CPU.Build.0 = Debug|Any CPU
		{DC1C4851-F847-4365-B280-219EA87D745C}.Release|Any CPU.ActiveCfg = Release|Any CPU
		{DC1C4851-F847-4365-B280-219EA87D745C}.Release|Any CPU.Build.0 = Release|Any CPU
		{B17DFF43-F9EF-472A-BBEA-20CB7CB3DC68}.Debug|Any CPU.ActiveCfg = Debug|Any CPU
		{B17DFF43-F9EF-472A-BBEA-20CB7CB3DC68}.Debug|Any CPU.Build.0 = Debug|Any CPU
		{B17DFF43-F9EF-472A-BBEA-20CB7CB3DC68}.Release|Any CPU.ActiveCfg = Release|Any CPU
		{B17DFF43-F9EF-472A-BBEA-20CB7CB3DC68}.Release|Any CPU.Build.0 = Release|Any CPU
		{DD71D263-5B8D-49E6-AE2A-3E1CF809DC7D}.Debug|Any CPU.ActiveCfg = Debug|Any CPU
		{DD71D263-5B8D-49E6-AE2A-3E1CF809DC7D}.Debug|Any CPU.Build.0 = Debug|Any CPU
		{DD71D263-5B8D-49E6-AE2A-3E1CF809DC7D}.Release|Any CPU.ActiveCfg = Release|Any CPU
		{DD71D263-5B8D-49E6-AE2A-3E1CF809DC7D}.Release|Any CPU.Build.0 = Release|Any CPU
	EndGlobalSection
	GlobalSection(SolutionProperties) = preSolution
		HideSolutionNode = FALSE
	EndGlobalSection
	GlobalSection(ExtensibilityGlobals) = postSolution
		SolutionGuid = {224F0201-48CB-48BA-9FF9-279A802A0088}
	EndGlobalSection
EndGlobal
