
Microsoft Visual Studio Solution File, Format Version 12.00
# Visual Studio Version 17
VisualStudioVersion = 17.1.32328.378
MinimumVisualStudioVersion = 10.0.40219.1
Project("{FAE04EC0-301F-11D3-BF4B-00C04F79EFBC}") = "task_00_squared_number", "task_00_squared_number\task_00_squared_number.csproj", "{F6CBB583-D561-4FF7-A44C-131520502999}"
EndProject
Global
	GlobalSection(SolutionConfigurationPlatforms) = preSolution
		Debug|Any CPU = Debug|Any CPU
		Release|Any CPU = Release|Any CPU
	EndGlobalSection
	GlobalSection(ProjectConfigurationPlatforms) = postSolution
		{F6CBB583-D561-4FF7-A44C-131520502999}.Debug|Any CPU.ActiveCfg = Debug|Any CPU
		{F6CBB583-D561-4FF7-A44C-131520502999}.Debug|Any CPU.Build.0 = Debug|Any CPU
		{F6CBB583-D561-4FF7-A44C-131520502999}.Release|Any CPU.ActiveCfg = Release|Any CPU
		{F6CBB583-D561-4FF7-A44C-131520502999}.Release|Any CPU.Build.0 = Release|Any CPU
	EndGlobalSection
	GlobalSection(SolutionProperties) = preSolution
		HideSolutionNode = FALSE
	EndGlobalSection
	GlobalSection(ExtensibilityGlobals) = postSolution
		SolutionGuid = {224F0201-48CB-48BA-9FF9-279A802A0088}
	EndGlobalSection
EndGlobal
